
Microsoft Visual Studio Solution File, Format Version 12.00
# Visual Studio Version 16
VisualStudioVersion = 16.0.31702.278
MinimumVisualStudioVersion = 10.0.40219.1
Project("{9A19103F-16F7-4668-BE54-9A1E7A4F7556}") = "WebTokenAuthentication", "WebTokenAuthentication\WebTokenAuthentication.csproj", "{572B4C0D-46C3-4AE8-865F-C3721653E7A5}"
EndProject
Project("{FAE04EC0-301F-11D3-BF4B-00C04F79EFBC}") = "ConsumeTokenApp", "ConsumeTokenApp\ConsumeTokenApp.csproj", "{7F3C5D69-12FA-4B11-963B-7836FEAD2A80}"
EndProject
Global
	GlobalSection(SolutionConfigurationPlatforms) = preSolution
		Debug|Any CPU = Debug|Any CPU
		Release|Any CPU = Release|Any CPU
	EndGlobalSection
	GlobalSection(ProjectConfigurationPlatforms) = postSolution
		{572B4C0D-46C3-4AE8-865F-C3721653E7A5}.Debug|Any CPU.ActiveCfg = Debug|Any CPU
		{572B4C0D-46C3-4AE8-865F-C3721653E7A5}.Debug|Any CPU.Build.0 = Debug|Any CPU
		{572B4C0D-46C3-4AE8-865F-C3721653E7A5}.Release|Any CPU.ActiveCfg = Release|Any CPU
		{572B4C0D-46C3-4AE8-865F-C3721653E7A5}.Release|Any CPU.Build.0 = Release|Any CPU
		{7F3C5D69-12FA-4B11-963B-7836FEAD2A80}.Debug|Any CPU.ActiveCfg = Debug|Any CPU
		{7F3C5D69-12FA-4B11-963B-7836FEAD2A80}.Debug|Any CPU.Build.0 = Debug|Any CPU
		{7F3C5D69-12FA-4B11-963B-7836FEAD2A80}.Release|Any CPU.ActiveCfg = Release|Any CPU
		{7F3C5D69-12FA-4B11-963B-7836FEAD2A80}.Release|Any CPU.Build.0 = Release|Any CPU
	EndGlobalSection
	GlobalSection(SolutionProperties) = preSolution
		HideSolutionNode = FALSE
	EndGlobalSection
	GlobalSection(ExtensibilityGlobals) = postSolution
		SolutionGuid = {3DFDDB12-F6CF-49C3-A9D2-4F4D47283C54}
	EndGlobalSection
EndGlobal
